// !$*UTF8*$!
{
	archiveVersion = 1;
	classes = {
	};
	objectVersion = 50;
	objects = {

/* Begin PBXBuildFile section */
		A949E5B2219FA2100003990D /* ICloudMessenger.cpp in Sources */ = {isa = PBXBuildFile; fileRef = A949E5B0219FA2100003990D /* ICloudMessenger.cpp */; };
		A981FB4B216D50FF0097D3DE /* FeedingKeyValueStore.cpp in Sources */ = {isa = PBXBuildFile; fileRef = A981FB49216D50FF0097D3DE /* FeedingKeyValueStore.cpp */; };
		A9A563E221028A77005EA4F9 /* main.cpp in Sources */ = {isa = PBXBuildFile; fileRef = A9A563E121028A77005EA4F9 /* main.cpp */; };
		A9A563EA210292EB005EA4F9 /* InputDevice.cpp in Sources */ = {isa = PBXBuildFile; fileRef = A9A563E8210292EB005EA4F9 /* InputDevice.cpp */; };
		A9A563ED2102937F005EA4F9 /* WiringPiWrapper.cpp in Sources */ = {isa = PBXBuildFile; fileRef = A9A563EB2102937F005EA4F9 /* WiringPiWrapper.cpp */; };
		A9A563F021029DBE005EA4F9 /* SevenSegmentDisplay.cpp in Sources */ = {isa = PBXBuildFile; fileRef = A9A563EE21029DBE005EA4F9 /* SevenSegmentDisplay.cpp */; };
		A9A563F521029EB5005EA4F9 /* Led.cpp in Sources */ = {isa = PBXBuildFile; fileRef = A9A563F321029EB5005EA4F9 /* Led.cpp */; };
		A9A563F821029F33005EA4F9 /* FeedingScheduler.cpp in Sources */ = {isa = PBXBuildFile; fileRef = A9A563F621029F33005EA4F9 /* FeedingScheduler.cpp */; };
		A9A563FB21029FE5005EA4F9 /* InputEvent.cpp in Sources */ = {isa = PBXBuildFile; fileRef = A9A563F921029FE5005EA4F9 /* InputEvent.cpp */; };
		A9A564002102A227005EA4F9 /* DateTimeUtilities.cpp in Sources */ = {isa = PBXBuildFile; fileRef = A9A563FE2102A227005EA4F9 /* DateTimeUtilities.cpp */; };
		A9E1887F21A1BFEB00D3D0A7 /* WasherMonitor.cpp in Sources */ = {isa = PBXBuildFile; fileRef = A9E1887D21A1BFEB00D3D0A7 /* WasherMonitor.cpp */; };
/* End PBXBuildFile section */

/* Begin PBXCopyFilesBuildPhase section */
		A9A563DC21028A77005EA4F9 /* CopyFiles */ = {
			isa = PBXCopyFilesBuildPhase;
			buildActionMask = 2147483647;
			dstPath = /usr/share/man/man1/;
			dstSubfolderSpec = 0;
			files = (
			);
			runOnlyForDeploymentPostprocessing = 1;
		};
/* End PBXCopyFilesBuildPhase section */

/* Begin PBXFileReference section */
		A949E5B0219FA2100003990D /* ICloudMessenger.cpp */ = {isa = PBXFileReference; lastKnownFileType = sourcecode.cpp.cpp; path = ICloudMessenger.cpp; sourceTree = "<group>"; };
		A949E5B1219FA2100003990D /* ICloudMessenger.hpp */ = {isa = PBXFileReference; lastKnownFileType = sourcecode.cpp.h; path = ICloudMessenger.hpp; sourceTree = "<group>"; };
		A981FB49216D50FF0097D3DE /* FeedingKeyValueStore.cpp */ = {isa = PBXFileReference; lastKnownFileType = sourcecode.cpp.cpp; path = FeedingKeyValueStore.cpp; sourceTree = "<group>"; };
		A981FB4A216D50FF0097D3DE /* FeedingKeyValueStore.hpp */ = {isa = PBXFileReference; lastKnownFileType = sourcecode.cpp.h; path = FeedingKeyValueStore.hpp; sourceTree = "<group>"; };
		A9A563DE21028A77005EA4F9 /* DogFeedScheduler */ = {isa = PBXFileReference; explicitFileType = "compiled.mach-o.executable"; includeInIndex = 0; path = DogFeedScheduler; sourceTree = BUILT_PRODUCTS_DIR; };
		A9A563E121028A77005EA4F9 /* main.cpp */ = {isa = PBXFileReference; lastKnownFileType = sourcecode.cpp.cpp; path = main.cpp; sourceTree = "<group>"; };
		A9A563E8210292EB005EA4F9 /* InputDevice.cpp */ = {isa = PBXFileReference; lastKnownFileType = sourcecode.cpp.cpp; path = InputDevice.cpp; sourceTree = "<group>"; };
		A9A563E9210292EB005EA4F9 /* InputDevice.hpp */ = {isa = PBXFileReference; lastKnownFileType = sourcecode.cpp.h; path = InputDevice.hpp; sourceTree = "<group>"; };
		A9A563EB2102937F005EA4F9 /* WiringPiWrapper.cpp */ = {isa = PBXFileReference; lastKnownFileType = sourcecode.cpp.cpp; path = WiringPiWrapper.cpp; sourceTree = "<group>"; };
		A9A563EC2102937F005EA4F9 /* WiringPiWrapper.hpp */ = {isa = PBXFileReference; lastKnownFileType = sourcecode.cpp.h; path = WiringPiWrapper.hpp; sourceTree = "<group>"; };
		A9A563EE21029DBE005EA4F9 /* SevenSegmentDisplay.cpp */ = {isa = PBXFileReference; lastKnownFileType = sourcecode.cpp.cpp; path = SevenSegmentDisplay.cpp; sourceTree = "<group>"; };
		A9A563EF21029DBE005EA4F9 /* SevenSegmentDisplay.hpp */ = {isa = PBXFileReference; lastKnownFileType = sourcecode.cpp.h; path = SevenSegmentDisplay.hpp; sourceTree = "<group>"; };
		A9A563F321029EB5005EA4F9 /* Led.cpp */ = {isa = PBXFileReference; lastKnownFileType = sourcecode.cpp.cpp; path = Led.cpp; sourceTree = "<group>"; };
		A9A563F421029EB5005EA4F9 /* Led.hpp */ = {isa = PBXFileReference; lastKnownFileType = sourcecode.cpp.h; path = Led.hpp; sourceTree = "<group>"; };
		A9A563F621029F33005EA4F9 /* FeedingScheduler.cpp */ = {isa = PBXFileReference; lastKnownFileType = sourcecode.cpp.cpp; path = FeedingScheduler.cpp; sourceTree = "<group>"; };
		A9A563F721029F33005EA4F9 /* FeedingScheduler.hpp */ = {isa = PBXFileReference; lastKnownFileType = sourcecode.cpp.h; path = FeedingScheduler.hpp; sourceTree = "<group>"; };
		A9A563F921029FE5005EA4F9 /* InputEvent.cpp */ = {isa = PBXFileReference; lastKnownFileType = sourcecode.cpp.cpp; path = InputEvent.cpp; sourceTree = "<group>"; };
		A9A563FA21029FE5005EA4F9 /* InputEvent.hpp */ = {isa = PBXFileReference; lastKnownFileType = sourcecode.cpp.h; path = InputEvent.hpp; sourceTree = "<group>"; };
		A9A563FE2102A227005EA4F9 /* DateTimeUtilities.cpp */ = {isa = PBXFileReference; lastKnownFileType = sourcecode.cpp.cpp; path = DateTimeUtilities.cpp; sourceTree = "<group>"; };
		A9A563FF2102A227005EA4F9 /* DateTimeUtilities.hpp */ = {isa = PBXFileReference; lastKnownFileType = sourcecode.cpp.h; path = DateTimeUtilities.hpp; sourceTree = "<group>"; };
		A9E1887D21A1BFEB00D3D0A7 /* WasherMonitor.cpp */ = {isa = PBXFileReference; lastKnownFileType = sourcecode.cpp.cpp; path = WasherMonitor.cpp; sourceTree = "<group>"; };
		A9E1887E21A1BFEB00D3D0A7 /* WasherMonitor.hpp */ = {isa = PBXFileReference; lastKnownFileType = sourcecode.cpp.h; path = WasherMonitor.hpp; sourceTree = "<group>"; };
/* End PBXFileReference section */

/* Begin PBXFrameworksBuildPhase section */
		A9A563DB21028A77005EA4F9 /* Frameworks */ = {
			isa = PBXFrameworksBuildPhase;
			buildActionMask = 2147483647;
			files = (
			);
			runOnlyForDeploymentPostprocessing = 0;
		};
/* End PBXFrameworksBuildPhase section */

/* Begin PBXGroup section */
		A949E5B321A18C550003990D /* Alerts */ = {
			isa = PBXGroup;
			children = (
				A949E5B0219FA2100003990D /* ICloudMessenger.cpp */,
				A949E5B1219FA2100003990D /* ICloudMessenger.hpp */,
			);
			name = Alerts;
			sourceTree = "<group>";
		};
		A949E5B421A18C820003990D /* Wiring Pi */ = {
			isa = PBXGroup;
			children = (
				A9A563EC2102937F005EA4F9 /* WiringPiWrapper.hpp */,
				A9A563EB2102937F005EA4F9 /* WiringPiWrapper.cpp */,
			);
			name = "Wiring Pi";
			sourceTree = "<group>";
		};
		A949E5B521A18C940003990D /* Dog Feeding */ = {
			isa = PBXGroup;
			children = (
				A9A563F621029F33005EA4F9 /* FeedingScheduler.cpp */,
				A9A563F721029F33005EA4F9 /* FeedingScheduler.hpp */,
				A981FB49216D50FF0097D3DE /* FeedingKeyValueStore.cpp */,
				A981FB4A216D50FF0097D3DE /* FeedingKeyValueStore.hpp */,
			);
			name = "Dog Feeding";
			sourceTree = "<group>";
		};
		A949E5B621A18CA90003990D /* Utilities */ = {
			isa = PBXGroup;
			children = (
				A9A563FE2102A227005EA4F9 /* DateTimeUtilities.cpp */,
				A9A563FF2102A227005EA4F9 /* DateTimeUtilities.hpp */,
			);
			name = Utilities;
			sourceTree = "<group>";
		};
		A99AB8492103562C00B54EFA /* Output */ = {
			isa = PBXGroup;
			children = (
				A9A563EE21029DBE005EA4F9 /* SevenSegmentDisplay.cpp */,
				A9A563EF21029DBE005EA4F9 /* SevenSegmentDisplay.hpp */,
				A9A563F321029EB5005EA4F9 /* Led.cpp */,
				A9A563F421029EB5005EA4F9 /* Led.hpp */,
			);
			name = Output;
			sourceTree = "<group>";
		};
		A99AB84A2103563A00B54EFA /* Input */ = {
			isa = PBXGroup;
			children = (
				A9A563E8210292EB005EA4F9 /* InputDevice.cpp */,
				A9A563E9210292EB005EA4F9 /* InputDevice.hpp */,
				A9A563F921029FE5005EA4F9 /* InputEvent.cpp */,
				A9A563FA21029FE5005EA4F9 /* InputEvent.hpp */,
			);
			name = Input;
			sourceTree = "<group>";
		};
		A9A563D521028A77005EA4F9 = {
			isa = PBXGroup;
			children = (
				A9A563E021028A77005EA4F9 /* DogFeedScheduler */,
				A9A563DF21028A77005EA4F9 /* Products */,
			);
			sourceTree = "<group>";
		};
		A9A563DF21028A77005EA4F9 /* Products */ = {
			isa = PBXGroup;
			children = (
				A9A563DE21028A77005EA4F9 /* DogFeedScheduler */,
			);
			name = Products;
			sourceTree = "<group>";
		};
		A9A563E021028A77005EA4F9 /* DogFeedScheduler */ = {
			isa = PBXGroup;
			children = (
				A949E5B321A18C550003990D /* Alerts */,
				A949E5B521A18C940003990D /* Dog Feeding */,
				A99AB84A2103563A00B54EFA /* Input */,
				A99AB8492103562C00B54EFA /* Output */,
				A949E5B621A18CA90003990D /* Utilities */,
				A9E1887C21A1BFC300D3D0A7 /* Washer */,
				A949E5B421A18C820003990D /* Wiring Pi */,
				A9A563E121028A77005EA4F9 /* main.cpp */,
			);
			path = DogFeedScheduler;
			sourceTree = "<group>";
		};
		A9E1887C21A1BFC300D3D0A7 /* Washer */ = {
			isa = PBXGroup;
			children = (
				A9E1887D21A1BFEB00D3D0A7 /* WasherMonitor.cpp */,
				A9E1887E21A1BFEB00D3D0A7 /* WasherMonitor.hpp */,
			);
			name = Washer;
			sourceTree = "<group>";
		};
/* End PBXGroup section */

/* Begin PBXNativeTarget section */
		A9A563DD21028A77005EA4F9 /* DogFeedScheduler */ = {
			isa = PBXNativeTarget;
			buildConfigurationList = A9A563E521028A77005EA4F9 /* Build configuration list for PBXNativeTarget "DogFeedScheduler" */;
			buildPhases = (
				A9A563DA21028A77005EA4F9 /* Sources */,
				A9A563DB21028A77005EA4F9 /* Frameworks */,
				A9A563DC21028A77005EA4F9 /* CopyFiles */,
			);
			buildRules = (
			);
			dependencies = (
			);
			name = DogFeedScheduler;
			productName = DogFeedScheduler;
			productReference = A9A563DE21028A77005EA4F9 /* DogFeedScheduler */;
			productType = "com.apple.product-type.tool";
		};
/* End PBXNativeTarget section */

/* Begin PBXProject section */
		A9A563D621028A77005EA4F9 /* Project object */ = {
			isa = PBXProject;
			attributes = {
				LastUpgradeCheck = 0930;
				ORGANIZATIONNAME = "Bill Gestrich";
				TargetAttributes = {
					A9A563DD21028A77005EA4F9 = {
						CreatedOnToolsVersion = 9.3;
					};
				};
			};
			buildConfigurationList = A9A563D921028A77005EA4F9 /* Build configuration list for PBXProject "DogFeedScheduler" */;
			compatibilityVersion = "Xcode 9.3";
			developmentRegion = en;
			hasScannedForEncodings = 0;
			knownRegions = (
				en,
			);
			mainGroup = A9A563D521028A77005EA4F9;
			productRefGroup = A9A563DF21028A77005EA4F9 /* Products */;
			projectDirPath = "";
			projectRoot = "";
			targets = (
				A9A563DD21028A77005EA4F9 /* DogFeedScheduler */,
			);
		};
/* End PBXProject section */

/* Begin PBXSourcesBuildPhase section */
		A9A563DA21028A77005EA4F9 /* Sources */ = {
			isa = PBXSourcesBuildPhase;
			buildActionMask = 2147483647;
			files = (
				A9A563EA210292EB005EA4F9 /* InputDevice.cpp in Sources */,
				A9E1887F21A1BFEB00D3D0A7 /* WasherMonitor.cpp in Sources */,
				A9A563FB21029FE5005EA4F9 /* InputEvent.cpp in Sources */,
				A981FB4B216D50FF0097D3DE /* FeedingKeyValueStore.cpp in Sources */,
				A9A563ED2102937F005EA4F9 /* WiringPiWrapper.cpp in Sources */,
				A9A563F021029DBE005EA4F9 /* SevenSegmentDisplay.cpp in Sources */,
				A949E5B2219FA2100003990D /* ICloudMessenger.cpp in Sources */,
				A9A563E221028A77005EA4F9 /* main.cpp in Sources */,
				A9A563F821029F33005EA4F9 /* FeedingScheduler.cpp in Sources */,
				A9A563F521029EB5005EA4F9 /* Led.cpp in Sources */,
				A9A564002102A227005EA4F9 /* DateTimeUtilities.cpp in Sources */,
			);
			runOnlyForDeploymentPostprocessing = 0;
		};
/* End PBXSourcesBuildPhase section */

/* Begin XCBuildConfiguration section */
		A9A563E321028A77005EA4F9 /* Debug */ = {
			isa = XCBuildConfiguration;
			buildSettings = {
				ALWAYS_SEARCH_USER_PATHS = NO;
				CLANG_ANALYZER_NONNULL = YES;
				CLANG_ANALYZER_NUMBER_OBJECT_CONVERSION = YES_AGGRESSIVE;
				CLANG_CXX_LANGUAGE_STANDARD = "gnu++14";
				CLANG_CXX_LIBRARY = "libc++";
				CLANG_ENABLE_MODULES = YES;
				CLANG_ENABLE_OBJC_ARC = YES;
				CLANG_ENABLE_OBJC_WEAK = YES;
				CLANG_WARN_BLOCK_CAPTURE_AUTORELEASING = YES;
				CLANG_WARN_BOOL_CONVERSION = YES;
				CLANG_WARN_COMMA = YES;
				CLANG_WARN_CONSTANT_CONVERSION = YES;
				CLANG_WARN_DEPRECATED_OBJC_IMPLEMENTATIONS = YES;
				CLANG_WARN_DIRECT_OBJC_ISA_USAGE = YES_ERROR;
				CLANG_WARN_DOCUMENTATION_COMMENTS = YES;
				CLANG_WARN_EMPTY_BODY = YES;
				CLANG_WARN_ENUM_CONVERSION = YES;
				CLANG_WARN_INFINITE_RECURSION = YES;
				CLANG_WARN_INT_CONVERSION = YES;
				CLANG_WARN_NON_LITERAL_NULL_CONVERSION = YES;
				CLANG_WARN_OBJC_IMPLICIT_RETAIN_SELF = YES;
				CLANG_WARN_OBJC_LITERAL_CONVERSION = YES;
				CLANG_WARN_OBJC_ROOT_CLASS = YES_ERROR;
				CLANG_WARN_RANGE_LOOP_ANALYSIS = YES;
				CLANG_WARN_STRICT_PROTOTYPES = YES;
				CLANG_WARN_SUSPICIOUS_MOVE = YES;
				CLANG_WARN_UNGUARDED_AVAILABILITY = YES_AGGRESSIVE;
				CLANG_WARN_UNREACHABLE_CODE = YES;
				CLANG_WARN__DUPLICATE_METHOD_MATCH = YES;
				CODE_SIGN_IDENTITY = "Mac Developer";
				COPY_PHASE_STRIP = NO;
				DEBUG_INFORMATION_FORMAT = dwarf;
				ENABLE_STRICT_OBJC_MSGSEND = YES;
				ENABLE_TESTABILITY = YES;
				GCC_C_LANGUAGE_STANDARD = gnu11;
				GCC_DYNAMIC_NO_PIC = NO;
				GCC_NO_COMMON_BLOCKS = YES;
				GCC_OPTIMIZATION_LEVEL = 0;
				GCC_PREPROCESSOR_DEFINITIONS = (
					"DEBUG=1",
					"$(inherited)",
					"WIRING_PI_DISABLED=1",
				);
				GCC_WARN_64_TO_32_BIT_CONVERSION = YES;
				GCC_WARN_ABOUT_RETURN_TYPE = YES_ERROR;
				GCC_WARN_UNDECLARED_SELECTOR = YES;
				GCC_WARN_UNINITIALIZED_AUTOS = YES_AGGRESSIVE;
				GCC_WARN_UNUSED_FUNCTION = YES;
				GCC_WARN_UNUSED_VARIABLE = YES;
				MACOSX_DEPLOYMENT_TARGET = 10.13;
				MTL_ENABLE_DEBUG_INFO = YES;
				ONLY_ACTIVE_ARCH = YES;
				SDKROOT = macosx;
			};
			name = Debug;
		};
		A9A563E421028A77005EA4F9 /* Release */ = {
			isa = XCBuildConfiguration;
			buildSettings = {
				ALWAYS_SEARCH_USER_PATHS = NO;
				CLANG_ANALYZER_NONNULL = YES;
				CLANG_ANALYZER_NUMBER_OBJECT_CONVERSION = YES_AGGRESSIVE;
				CLANG_CXX_LANGUAGE_STANDARD = "gnu++14";
				CLANG_CXX_LIBRARY = "libc++";
				CLANG_ENABLE_MODULES = YES;
				CLANG_ENABLE_OBJC_ARC = YES;
				CLANG_ENABLE_OBJC_WEAK = YES;
				CLANG_WARN_BLOCK_CAPTURE_AUTORELEASING = YES;
				CLANG_WARN_BOOL_CONVERSION = YES;
				CLANG_WARN_COMMA = YES;
				CLANG_WARN_CONSTANT_CONVERSION = YES;
				CLANG_WARN_DEPRECATED_OBJC_IMPLEMENTATIONS = YES;
				CLANG_WARN_DIRECT_OBJC_ISA_USAGE = YES_ERROR;
				CLANG_WARN_DOCUMENTATION_COMMENTS = YES;
				CLANG_WARN_EMPTY_BODY = YES;
				CLANG_WARN_ENUM_CONVERSION = YES;
				CLANG_WARN_INFINITE_RECURSION = YES;
				CLANG_WARN_INT_CONVERSION = YES;
				CLANG_WARN_NON_LITERAL_NULL_CONVERSION = YES;
				CLANG_WARN_OBJC_IMPLICIT_RETAIN_SELF = YES;
				CLANG_WARN_OBJC_LITERAL_CONVERSION = YES;
				CLANG_WARN_OBJC_ROOT_CLASS = YES_ERROR;
				CLANG_WARN_RANGE_LOOP_ANALYSIS = YES;
				CLANG_WARN_STRICT_PROTOTYPES = YES;
				CLANG_WARN_SUSPICIOUS_MOVE = YES;
				CLANG_WARN_UNGUARDED_AVAILABILITY = YES_AGGRESSIVE;
				CLANG_WARN_UNREACHABLE_CODE = YES;
				CLANG_WARN__DUPLICATE_METHOD_MATCH = YES;
				CODE_SIGN_IDENTITY = "Mac Developer";
				COPY_PHASE_STRIP = NO;
				DEBUG_INFORMATION_FORMAT = "dwarf-with-dsym";
				ENABLE_NS_ASSERTIONS = NO;
				ENABLE_STRICT_OBJC_MSGSEND = YES;
				GCC_C_LANGUAGE_STANDARD = gnu11;
				GCC_NO_COMMON_BLOCKS = YES;
				GCC_PREPROCESSOR_DEFINITIONS = "WIRING_PI_DISABLED=1";
				GCC_WARN_64_TO_32_BIT_CONVERSION = YES;
				GCC_WARN_ABOUT_RETURN_TYPE = YES_ERROR;
				GCC_WARN_UNDECLARED_SELECTOR = YES;
				GCC_WARN_UNINITIALIZED_AUTOS = YES_AGGRESSIVE;
				GCC_WARN_UNUSED_FUNCTION = YES;
				GCC_WARN_UNUSED_VARIABLE = YES;
				MACOSX_DEPLOYMENT_TARGET = 10.13;
				MTL_ENABLE_DEBUG_INFO = NO;
				SDKROOT = macosx;
			};
			name = Release;
		};
		A9A563E621028A77005EA4F9 /* Debug */ = {
			isa = XCBuildConfiguration;
			buildSettings = {
				CODE_SIGN_STYLE = Automatic;
				DEVELOPMENT_TEAM = 84GLJ7PWT5;
				PRODUCT_NAME = "$(TARGET_NAME)";
			};
			name = Debug;
		};
		A9A563E721028A77005EA4F9 /* Release */ = {
			isa = XCBuildConfiguration;
			buildSettings = {
				CODE_SIGN_STYLE = Automatic;
				DEVELOPMENT_TEAM = 84GLJ7PWT5;
				PRODUCT_NAME = "$(TARGET_NAME)";
			};
			name = Release;
		};
/* End XCBuildConfiguration section */

/* Begin XCConfigurationList section */
		A9A563D921028A77005EA4F9 /* Build configuration list for PBXProject "DogFeedScheduler" */ = {
			isa = XCConfigurationList;
			buildConfigurations = (
				A9A563E321028A77005EA4F9 /* Debug */,
				A9A563E421028A77005EA4F9 /* Release */,
			);
			defaultConfigurationIsVisible = 0;
			defaultConfigurationName = Release;
		};
		A9A563E521028A77005EA4F9 /* Build configuration list for PBXNativeTarget "DogFeedScheduler" */ = {
			isa = XCConfigurationList;
			buildConfigurations = (
				A9A563E621028A77005EA4F9 /* Debug */,
				A9A563E721028A77005EA4F9 /* Release */,
			);
			defaultConfigurationIsVisible = 0;
			defaultConfigurationName = Release;
		};
/* End XCConfigurationList section */
	};
	rootObject = A9A563D621028A77005EA4F9 /* Project object */;
}
